
Microsoft Visual Studio Solution File, Format Version 12.00
# Visual Studio 15
VisualStudioVersion = 15.0.27703.2042
MinimumVisualStudioVersion = 10.0.40219.1
Project("{FAE04EC0-301F-11D3-BF4B-00C04F79EFBC}") = "project2", "project2\project2.csproj", "{C3562745-40BC-452F-86A7-0555F4159E13}"
EndProject
Global
	GlobalSection(SolutionConfigurationPlatforms) = preSolution
		Debug|Any CPU = Debug|Any CPU
		Release|Any CPU = Release|Any CPU
	EndGlobalSection
	GlobalSection(ProjectConfigurationPlatforms) = postSolution
		{C3562745-40BC-452F-86A7-0555F4159E13}.Debug|Any CPU.ActiveCfg = Debug|Any CPU
		{C3562745-40BC-452F-86A7-0555F4159E13}.Debug|Any CPU.Build.0 = Debug|Any CPU
		{C3562745-40BC-452F-86A7-0555F4159E13}.Release|Any CPU.ActiveCfg = Release|Any CPU
		{C3562745-40BC-452F-86A7-0555F4159E13}.Release|Any CPU.Build.0 = Release|Any CPU
	EndGlobalSection
	GlobalSection(SolutionProperties) = preSolution
		HideSolutionNode = FALSE
	EndGlobalSection
	GlobalSection(ExtensibilityGlobals) = postSolution
		SolutionGuid = {0BA62A06-3B59-4478-A32E-291C6DFB5D94}
	EndGlobalSection
EndGlobal
